
Microsoft Visual Studio Solution File, Format Version 12.00
# Visual Studio 14
VisualStudioVersion = 14.0.25123.0
MinimumVisualStudioVersion = 10.0.40219.1
Project("{FAE04EC0-301F-11D3-BF4B-00C04F79EFBC}") = "COMP2007-S2016-Lesson9C", "COMP2007-S2016-Lesson9C\COMP2007-S2016-Lesson9C.csproj", "{3270941A-BE56-4B29-A471-86A052223FEA}"
EndProject
Project("{FAE04EC0-301F-11D3-BF4B-00C04F79EFBC}") = "COMP2007-S2016-Lesson9C.Tests", "COMP2007-S2016-Lesson9C.Tests\COMP2007-S2016-Lesson9C.Tests.csproj", "{696242B7-1694-4794-A260-24AFF5A469DA}"
EndProject
Global
	GlobalSection(SolutionConfigurationPlatforms) = preSolution
		Debug|Any CPU = Debug|Any CPU
		Release|Any CPU = Release|Any CPU
	EndGlobalSection
	GlobalSection(ProjectConfigurationPlatforms) = postSolution
		{3270941A-BE56-4B29-A471-86A052223FEA}.Debug|Any CPU.ActiveCfg = Debug|Any CPU
		{3270941A-BE56-4B29-A471-86A052223FEA}.Debug|Any CPU.Build.0 = Debug|Any CPU
		{3270941A-BE56-4B29-A471-86A052223FEA}.Release|Any CPU.ActiveCfg = Release|Any CPU
		{3270941A-BE56-4B29-A471-86A052223FEA}.Release|Any CPU.Build.0 = Release|Any CPU
		{696242B7-1694-4794-A260-24AFF5A469DA}.Debug|Any CPU.ActiveCfg = Debug|Any CPU
		{696242B7-1694-4794-A260-24AFF5A469DA}.Debug|Any CPU.Build.0 = Debug|Any CPU
		{696242B7-1694-4794-A260-24AFF5A469DA}.Release|Any CPU.ActiveCfg = Release|Any CPU
		{696242B7-1694-4794-A260-24AFF5A469DA}.Release|Any CPU.Build.0 = Release|Any CPU
	EndGlobalSection
	GlobalSection(SolutionProperties) = preSolution
		HideSolutionNode = FALSE
	EndGlobalSection
EndGlobal
